<?xml version="1.0" encoding="utf-8"?>
<Project ToolsVersion="14.0" xmlns="http://schemas.microsoft.com/developer/msbuild/2003">
  <ItemGroup>
    <Filter Include="Common">
      <UniqueIdentifier>bed1d030-603a-4a55-97e9-56b749fdc423</UniqueIdentifier>
    </Filter>
    <Filter Include="Assets">
      <UniqueIdentifier>ea4ecd77-3671-43d7-9761-f8737b578fcb</UniqueIdentifier>
      <Extensions>bmp;fbx;gif;jpg;jpeg;tga;tiff;tif;png</Extensions>
    </Filter>
    <Filter Include="Views">
      <UniqueIdentifier>{2e092666-63b2-47e6-a3f6-691302195292}</UniqueIdentifier>
    </Filter>
    <Filter Include="ViewModels">
      <UniqueIdentifier>{3af70b8d-65f5-48f0-9036-d40d36f78723}</UniqueIdentifier>
    </Filter>
    <Filter Include="Utils">
      <UniqueIdentifier>{dcd82497-b6a8-4898-9cdc-5541cb0736da}</UniqueIdentifier>
    </Filter>
  </ItemGroup>
  <ItemGroup>
    <ApplicationDefinition Include="App.xaml" />
  </ItemGroup>
  <ItemGroup>
    <ClCompile Include="App.xaml.cpp" />
    <ClCompile Include="pch.cpp" />
    <ClCompile Include="MainPage.xaml.cpp" />
    <ClCompile Include="MainViewModel.cpp">
      <Filter>ViewModels</Filter>
    </ClCompile>
    <ClCompile Include="DelegateCommand.cpp">
      <Filter>Common</Filter>
    </ClCompile>
    <ClCompile Include="GrayscaleUtil.cpp">
      <Filter>Utils</Filter>
    </ClCompile>
    <ClCompile Include="FileUtil.cpp">
      <Filter>Utils</Filter>
    </ClCompile>
  </ItemGroup>
  <ItemGroup>
    <ClInclude Include="pch.h" />
    <ClInclude Include="App.xaml.h" />
    <ClInclude Include="MainPage.xaml.h" />
    <ClInclude Include="MainViewModel.h">
      <Filter>ViewModels</Filter>
    </ClInclude>
    <ClInclude Include="DelegateCommand.h">
      <Filter>Common</Filter>
    </ClInclude>
    <ClInclude Include="GrayscaleUtil.h">
      <Filter>Utils</Filter>
    </ClInclude>
    <ClInclude Include="FileUtil.h">
      <Filter>Utils</Filter>
    </ClInclude>
  </ItemGroup>
  <ItemGroup>
    <Image Include="Assets\LockScreenLogo.scale-200.png">
      <Filter>Assets</Filter>
    </Image>
    <Image Include="Assets\SplashScreen.scale-200.png">
      <Filter>Assets</Filter>
    </Image>
    <Image Include="Assets\Square150x150Logo.scale-200.png">
      <Filter>Assets</Filter>
    </Image>
    <Image Include="Assets\Square44x44Logo.scale-200.png">
      <Filter>Assets</Filter>
    </Image>
    <Image Include="Assets\Square44x44Logo.targetsize-24_altform-unplated.png">
      <Filter>Assets</Filter>
    </Image>
    <Image Include="Assets\StoreLogo.png">
      <Filter>Assets</Filter>
    </Image>
    <Image Include="Assets\Wide310x150Logo.scale-200.png">
      <Filter>Assets</Filter>
    </Image>
    <Image Include="Assets\Small\Small71x71Logo.scale-100.png">
      <Filter>Assets</Filter>
    </Image>
    <Image Include="Assets\Small\Small71x71Logo.scale-125.png">
      <Filter>Assets</Filter>
    </Image>
    <Image Include="Assets\Small\Small71x71Logo.scale-150.png">
      <Filter>Assets</Filter>
    </Image>
    <Image Include="Assets\Small\Small71x71Logo.scale-200.png">
      <Filter>Assets</Filter>
    </Image>
    <Image Include="Assets\Small\Small71x71Logo.scale-400.png">
      <Filter>Assets</Filter>
    </Image>
    <Image Include="Assets\Medium\Medium150x150Logo.scale-100.png">
      <Filter>Assets</Filter>
    </Image>
    <Image Include="Assets\Medium\Medium150x150Logo.scale-125.png">
      <Filter>Assets</Filter>
    </Image>
    <Image Include="Assets\Medium\Medium150x150Logo.scale-150.png">
      <Filter>Assets</Filter>
    </Image>
    <Image Include="Assets\Medium\Medium150x150Logo.scale-200.png">
      <Filter>Assets</Filter>
    </Image>
    <Image Include="Assets\Medium\Medium150x150Logo.scale-400.png">
      <Filter>Assets</Filter>
    </Image>
    <Image Include="Assets\Wide\Wide310x150Logo.scale-125.png">
      <Filter>Assets</Filter>
    </Image>
    <Image Include="Assets\Wide\Wide310x150Logo.scale-150.png">
      <Filter>Assets</Filter>
    </Image>
    <Image Include="Assets\Wide\Wide310x150Logo.scale-100.png">
      <Filter>Assets</Filter>
    </Image>
    <Image Include="Assets\Wide\Wide310x150Logo.scale-200.png">
      <Filter>Assets</Filter>
    </Image>
    <Image Include="Assets\Wide\Wide310x150Logo.scale-400.png">
      <Filter>Assets</Filter>
    </Image>
    <Image Include="Assets\Large\Large310x310Logo.scale-100.png">
      <Filter>Assets</Filter>
    </Image>
    <Image Include="Assets\Large\Large310x310Logo.scale-125.png">
      <Filter>Assets</Filter>
    </Image>
    <Image Include="Assets\Large\Large310x310Logo.scale-150.png">
      <Filter>Assets</Filter>
    </Image>
    <Image Include="Assets\Large\Large310x310Logo.scale-200.png">
      <Filter>Assets</Filter>
    </Image>
    <Image Include="Assets\Large\Large310x310Logo.scale-400.png">
      <Filter>Assets</Filter>
    </Image>
    <Image Include="Assets\AppList\AppList.targetsize-16_altform-unplated.png">
      <Filter>Assets</Filter>
    </Image>
    <Image Include="Assets\AppList\AppList.targetsize-24_altform-unplated.png">
      <Filter>Assets</Filter>
    </Image>
    <Image Include="Assets\AppList\AppList.targetsize-32_altform-unplated.png">
      <Filter>Assets</Filter>
    </Image>
    <Image Include="Assets\AppList\AppList.targetsize-48_altform-unplated.png">
      <Filter>Assets</Filter>
    </Image>
    <Image Include="Assets\AppList\AppList.targetsize-256_altform-unplated.png">
      <Filter>Assets</Filter>
    </Image>
    <Image Include="Assets\AppList\AppList.targetsize-20_altform-unplated.png">
      <Filter>Assets</Filter>
    </Image>
    <Image Include="Assets\AppList\AppList.targetsize-30_altform-unplated.png">
      <Filter>Assets</Filter>
    </Image>
    <Image Include="Assets\AppList\AppList.targetsize-36_altform-unplated.png">
      <Filter>Assets</Filter>
    </Image>
    <Image Include="Assets\AppList\AppList.targetsize-40_altform-unplated.png">
      <Filter>Assets</Filter>
    </Image>
    <Image Include="Assets\AppList\AppList.targetsize-60_altform-unplated.png">
      <Filter>Assets</Filter>
    </Image>
    <Image Include="Assets\AppList\AppList.targetsize-64_altform-unplated.png">
      <Filter>Assets</Filter>
    </Image>
    <Image Include="Assets\AppList\AppList.targetsize-72_altform-unplated.png">
      <Filter>Assets</Filter>
    </Image>
    <Image Include="Assets\AppList\AppList.targetsize-80_altform-unplated.png">
      <Filter>Assets</Filter>
    </Image>
    <Image Include="Assets\AppList\AppList.targetsize-96_altform-unplated.png">
      <Filter>Assets</Filter>
    </Image>
    <Image Include="Assets\AppList\AppList.targetsize-16.png">
      <Filter>Assets</Filter>
    </Image>
    <Image Include="Assets\AppList\AppList.targetsize-24.png">
      <Filter>Assets</Filter>
    </Image>
    <Image Include="Assets\AppList\AppList.targetsize-32.png">
      <Filter>Assets</Filter>
    </Image>
    <Image Include="Assets\AppList\AppList.targetsize-48.png">
      <Filter>Assets</Filter>
    </Image>
    <Image Include="Assets\AppList\AppList.targetsize-256.png">
      <Filter>Assets</Filter>
    </Image>
    <Image Include="Assets\AppList\AppList.targetsize-20.png">
      <Filter>Assets</Filter>
    </Image>
    <Image Include="Assets\AppList\AppList.targetsize-30.png">
      <Filter>Assets</Filter>
    </Image>
    <Image Include="Assets\AppList\AppList.targetsize-36.png">
      <Filter>Assets</Filter>
    </Image>
    <Image Include="Assets\AppList\AppList.targetsize-40.png">
      <Filter>Assets</Filter>
    </Image>
    <Image Include="Assets\AppList\AppList.targetsize-60.png">
      <Filter>Assets</Filter>
    </Image>
    <Image Include="Assets\AppList\AppList.targetsize-64.png">
      <Filter>Assets</Filter>
    </Image>
    <Image Include="Assets\AppList\AppList.targetsize-72.png">
      <Filter>Assets</Filter>
    </Image>
    <Image Include="Assets\AppList\AppList.targetsize-80.png">
      <Filter>Assets</Filter>
    </Image>
    <Image Include="Assets\AppList\AppList.targetsize-96.png">
      <Filter>Assets</Filter>
    </Image>
    <Image Include="Assets\AppList\AppList.scale-100.png">
      <Filter>Assets</Filter>
    </Image>
    <Image Include="Assets\AppList\AppList.scale-125.png">
      <Filter>Assets</Filter>
    </Image>
    <Image Include="Assets\AppList\AppList.scale-150.png">
      <Filter>Assets</Filter>
    </Image>
    <Image Include="Assets\AppList\AppList.scale-200.png">
      <Filter>Assets</Filter>
    </Image>
    <Image Include="Assets\AppList\AppList.scale-400.png">
      <Filter>Assets</Filter>
    </Image>
    <Image Include="Assets\SplashScreen\SplashScreen.scale-100.png">
      <Filter>Assets</Filter>
    </Image>
    <Image Include="Assets\SplashScreen\SplashScreen.scale-125.png">
      <Filter>Assets</Filter>
    </Image>
    <Image Include="Assets\SplashScreen\SplashScreen.scale-150.png">
      <Filter>Assets</Filter>
    </Image>
    <Image Include="Assets\SplashScreen\SplashScreen.scale-200.png">
      <Filter>Assets</Filter>
    </Image>
    <Image Include="Assets\SplashScreen\SplashScreen.scale-400.png">
      <Filter>Assets</Filter>
    </Image>
    <Image Include="Assets\Store\StoreLogo.scale-100.png">
      <Filter>Assets</Filter>
    </Image>
    <Image Include="Assets\Store\StoreLogo.scale-125.png">
      <Filter>Assets</Filter>
    </Image>
    <Image Include="Assets\Store\StoreLogo.scale-150.png">
      <Filter>Assets</Filter>
    </Image>
    <Image Include="Assets\Store\StoreLogo.scale-200.png">
      <Filter>Assets</Filter>
    </Image>
    <Image Include="Assets\Store\StoreLogo.scale-400.png">
      <Filter>Assets</Filter>
    </Image>
  </ItemGroup>
  <ItemGroup>
    <AppxManifest Include="Package.appxmanifest" />
  </ItemGroup>
  <ItemGroup>
    <None Include="Grayscale Converter_TemporaryKey.pfx" />
  </ItemGroup>
  <ItemGroup>
    <Page Include="MainPage.DeviceFamily-Mobile.xaml">
      <Filter>Views</Filter>
    </Page>
    <Page Include="MainPage.xaml">
      <Filter>Views</Filter>
    </Page>
  </ItemGroup>
</Project>